
Microsoft Visual Studio Solution File, Format Version 12.00
# Visual Studio Version 17
VisualStudioVersion = 17.10.35013.160
MinimumVisualStudioVersion = 10.0.40219.1
Project("{FAE04EC0-301F-11D3-BF4B-00C04F79EFBC}") = "BTL_2", "BTL_2.csproj", "{C3298A18-D44E-48DD-A3D9-30E53915D243}"
EndProject
Global
	GlobalSection(SolutionConfigurationPlatforms) = preSolution
		Debug|Any CPU = Debug|Any CPU
		Release|Any CPU = Release|Any CPU
	EndGlobalSection
	GlobalSection(ProjectConfigurationPlatforms) = postSolution
		{C3298A18-D44E-48DD-A3D9-30E53915D243}.Debug|Any CPU.ActiveCfg = Debug|Any CPU
		{C3298A18-D44E-48DD-A3D9-30E53915D243}.Debug|Any CPU.Build.0 = Debug|Any CPU
		{C3298A18-D44E-48DD-A3D9-30E53915D243}.Release|Any CPU.ActiveCfg = Release|Any CPU
		{C3298A18-D44E-48DD-A3D9-30E53915D243}.Release|Any CPU.Build.0 = Release|Any CPU
	EndGlobalSection
	GlobalSection(SolutionProperties) = preSolution
		HideSolutionNode = FALSE
	EndGlobalSection
	GlobalSection(ExtensibilityGlobals) = postSolution
		SolutionGuid = {FD1F46F8-C66B-4496-9330-518E649770EF}
	EndGlobalSection
EndGlobal
